{
  "projects": [
    {
      "projectId": "o1G3rqhWdipa595vWsoHtj",
      "version": "latest",
      "dependencies": {},
      "lang": "ts",
      "fileLocks": [
        {
          "type": "globalVariant",
          "assetId": "SAp4Q3HQY3KwJz",
          "checksum": "a1a1249326f6d998b8473d341dd1a12c"
        },
        {
          "assetId": "o1G3rqhWdipa595vWsoHtj",
          "type": "projectCss",
          "checksum": "9de734cf0870e0710cb163055340e7a0"
        },
        {
          "type": "renderModule",
          "assetId": "-pvCYmRbCTJpO",
          "checksum": "8e144cd834ddeb1cfdb4d4ed8b5e1df5"
        },
        {
          "type": "cssRules",
          "assetId": "-pvCYmRbCTJpO",
          "checksum": "8e144cd834ddeb1cfdb4d4ed8b5e1df5"
        },
        {
          "type": "renderModule",
          "assetId": "ggfaboh4EVS0rh",
          "checksum": "491a4a134dd13df1803388013fe8d033"
        },
        {
          "type": "cssRules",
          "assetId": "ggfaboh4EVS0rh",
          "checksum": "491a4a134dd13df1803388013fe8d033"
        },
        {
          "type": "icon",
          "assetId": "OBxaNPJmogWaXu",
          "checksum": "3a3bd2b6b9f762efc66ae635015fdb05"
        },
        {
          "type": "icon",
          "assetId": "Pw6LV2FSP-8yc5",
          "checksum": "43daa63198c42364f8a106a6921d2687"
        },
        {
          "type": "icon",
          "assetId": "iwsQwFt7kM237n",
          "checksum": "2fdf95d5e6448b9128a9aad8a9dbff89"
        },
        {
          "type": "icon",
          "assetId": "0zA7eC7YwbeI7t",
          "checksum": "dcf479beb6bac42d3f291dd01525cfe7"
        },
        {
          "type": "icon",
          "assetId": "FdjQxlHnMYLgHI",
          "checksum": "00403008d5037b1b4d8d343db287a7ef"
        },
        {
          "type": "icon",
          "assetId": "rQrW4wf3SSRdqI",
          "checksum": "4ed4cd606f2b6b4170a2bd2e2a9e54f4"
        },
        {
          "type": "icon",
          "assetId": "s-sJwuIiZkfRYc",
          "checksum": "24ef109b124ddf55a3224707dcf69cc1"
        },
        {
          "type": "icon",
          "assetId": "sq3lNtDZSxBgn8",
          "checksum": "70be5f3f1db38935b658d99c49676089"
        },
        {
          "type": "image",
          "assetId": "CQlnN00y_jT5Rz",
          "checksum": "15200febbdcfa640aa63b62b33084893"
        },
        {
          "type": "image",
          "assetId": "hHHb1bUb-kP-Bg",
          "checksum": "1236d7e6daf058f72c33259d2fb2db62"
        },
        {
          "type": "image",
          "assetId": "OMXGql0EewecoW",
          "checksum": "ae2a9db95b20c7c9cc7de952a2db6ebd"
        },
        {
          "type": "image",
          "assetId": "fAO8vbyg4OxNgi",
          "checksum": "554293e52ae033a9963a2e25171a25ee"
        },
        {
          "type": "image",
          "assetId": "lsyk9VOAliAvwW",
          "checksum": "a180a3945e541949af244c6c03125e81"
        },
        {
          "type": "image",
          "assetId": "PZG0dSiGnG3Cb4",
          "checksum": "3174662bbbbf0cf49dc754a0f506a6fc"
        },
        {
          "type": "image",
          "assetId": "_bpLCyDLFB_9nM",
          "checksum": "455e3dbd4e3d3bc599f78d7f702afd85"
        },
        {
          "type": "image",
          "assetId": "qYQ5cZXZwIKDbi",
          "checksum": "f81bb41568cd81cf2a7b0b42d6e90aa2"
        },
        {
          "type": "image",
          "assetId": "R3m_0aWr1siwMK",
          "checksum": "d89f55060c3074796f733afa3abc9c54"
        },
        {
          "type": "image",
          "assetId": "w1QWskHtpROdsj",
          "checksum": "9dfeeaec4f459bbb36b18afab02c2e03"
        },
        {
          "type": "image",
          "assetId": "x04js64hBNGyAZ",
          "checksum": "cf778be404d825afc0e48460ab256681"
        },
        {
          "type": "image",
          "assetId": "eVin5nn7GKIEEW",
          "checksum": "4bf93ee4b7b011b2d8ef20cb012d7cbf"
        },
        {
          "type": "image",
          "assetId": "HPCqIvklr9PWtG",
          "checksum": "5264773c4eb9d83e49c3c114d4e60860"
        },
        {
          "type": "image",
          "assetId": "D24aizik6FdgwC",
          "checksum": "139ed5dbc0aed60e37d836ea34dce9d9"
        },
        {
          "type": "image",
          "assetId": "x1s-PVCz5fa4xI",
          "checksum": "5c5c4f451d018cdfb38e922c4f88aabe"
        },
        {
          "type": "image",
          "assetId": "lDsNC1_tqjyTCv",
          "checksum": "3d313d16ec7ee4c77fc9be4444f49a1b"
        },
        {
          "type": "image",
          "assetId": "Zhc8g7N2bMV5DB",
          "checksum": "cfb35ed2c5a6510c4137a3e40e0796fb"
        },
        {
          "type": "image",
          "assetId": "FKScZWkBI3YTyg",
          "checksum": "5d271db55fe1afd0a89127527161a705"
        },
        {
          "type": "image",
          "assetId": "iLC2DEZwXNSRuO",
          "checksum": "e0312d330ee2edec992516e35cdd87f2"
        },
        {
          "type": "image",
          "assetId": "YnQkb9lg2BxEsY",
          "checksum": "a3d8bfd4aba9b47c1d10da4ba5f0a8e5"
        },
        {
          "type": "image",
          "assetId": "O0UVNI94YTv-Hj",
          "checksum": "28f9ceabac01f4608224ed4f1e3ff3bd"
        },
        {
          "type": "image",
          "assetId": "x_eVMnxF-m74JD",
          "checksum": "882279d29e449408ef02a535ae147591"
        },
        {
          "type": "image",
          "assetId": "hREqFkBQsxbL-3",
          "checksum": "a31139192576c27a5cbf114e61df5193"
        },
        {
          "type": "image",
          "assetId": "BWLG4W_4cvqnax",
          "checksum": "b057bca23bb512cf2be69cb08247a9aa"
        },
        {
          "type": "image",
          "assetId": "TzTZTZSwM6yRt1",
          "checksum": "386010ee51b9696b4602e1644552952a"
        },
        {
          "type": "image",
          "assetId": "EJvCWMV_Iwr2ou",
          "checksum": "29178338c71bbf72dd1ff6624d535121"
        },
        {
          "type": "image",
          "assetId": "X8f3ia5RP_ER1Z",
          "checksum": "187947b5ab2bd5e54c316f0e81b664bb"
        },
        {
          "type": "image",
          "assetId": "LQrVcai6zekO08",
          "checksum": "13262133b35826f52863fe66d6ee04b8"
        },
        {
          "type": "image",
          "assetId": "gQDZDzHMboi0XK",
          "checksum": "c3c1e80498b12d934ec7b0ca15bcdde1"
        },
        {
          "type": "image",
          "assetId": "Ps0Bg9HHNuE9TC",
          "checksum": "9751a623d5fdadcf7739f4f90bfb792e"
        }
      ],
      "codegenVersion": "0.0.1"
    }
  ],
  "cliVersion": "0.1.176"
}
